
Microsoft Visual Studio Solution File, Format Version 12.00
# Visual Studio 15
VisualStudioVersion = 15.0.28307.271
MinimumVisualStudioVersion = 10.0.40219.1
Project("{8BC9CEB8-8B4A-11D0-8D11-00A0C91BC942}") = "CommandPattern", "CommandPattern\CommandPattern.vcxproj", "{1DF3A8CC-0C6B-4392-B29D-1D029A00E3B6}"
EndProject
Project("{8BC9CEB8-8B4A-11D0-8D11-00A0C91BC942}") = "FlyweightPattern", "..\FlyweightPattern\FlyweightPattern.vcxproj", "{A067D73F-1B44-48C5-ACD9-2CD0D3B3F0BB}"
EndProject
Project("{8BC9CEB8-8B4A-11D0-8D11-00A0C91BC942}") = "ObserverPattern", "..\ObserverPattern\ObserverPattern.vcxproj", "{672926B3-CD50-4D1D-94F0-4BE7CCB61D95}"
EndProject
Project("{8BC9CEB8-8B4A-11D0-8D11-00A0C91BC942}") = "PrototypePattern", "..\PrototypePattern\PrototypePattern.vcxproj", "{6CCE409C-C356-4CEB-B64F-E8F7BE342887}"
EndProject
Project("{8BC9CEB8-8B4A-11D0-8D11-00A0C91BC942}") = "SingletonPattern", "..\SingletonPattern\SingletonPattern.vcxproj", "{BFF17DF5-8B06-491F-A94D-9F21AE7D7740}"
EndProject
Project("{8BC9CEB8-8B4A-11D0-8D11-00A0C91BC942}") = "StatePattern", "..\StatePattern\StatePattern.vcxproj", "{3278AF7B-8434-47D4-AED1-7CBC17315D82}"
EndProject
Project("{8BC9CEB8-8B4A-11D0-8D11-00A0C91BC942}") = "DoubleBufferPattern", "..\DoubleBuffer\DoubleBuffer.vcxproj", "{9524BFAC-8036-4614-A933-1D6789AE453D}"
EndProject
Project("{8BC9CEB8-8B4A-11D0-8D11-00A0C91BC942}") = "GameLoopPattern", "..\GameLoop\GameLoop.vcxproj", "{46EF6818-BE55-44B2-B0A1-1A189861189F}"
EndProject
Project("{8BC9CEB8-8B4A-11D0-8D11-00A0C91BC942}") = "UpdateMethodPattern", "..\UpdateMethodPattern\UpdateMethodPattern.vcxproj", "{17C7926C-1E27-45A4-B104-620AB969A3CD}"
EndProject
Project("{8BC9CEB8-8B4A-11D0-8D11-00A0C91BC942}") = "BytecodePattern", "..\BytecodePattern\BytecodePattern.vcxproj", "{A3CDE2D7-59B0-47E0-A29F-73E2F6E77245}"
EndProject
Project("{8BC9CEB8-8B4A-11D0-8D11-00A0C91BC942}") = "SubclassSandboxPattern", "..\SubclassSandboxPattern\SubclassSandboxPattern.vcxproj", "{9F1E9A2E-5DB6-4186-82D9-2A5E8DEA6604}"
EndProject
Project("{8BC9CEB8-8B4A-11D0-8D11-00A0C91BC942}") = "TypeObjectPattern", "..\TypeObjectPattern\TypeObjectPattern.vcxproj", "{482E10D7-F0C2-48B4-858A-4ABA70201651}"
EndProject
Project("{8BC9CEB8-8B4A-11D0-8D11-00A0C91BC942}") = "ComponentPattern", "..\ComponentPattern\ComponentPattern.vcxproj", "{AD7B7EDD-F8AF-4C01-86B5-EF7A3D575DFD}"
EndProject
Project("{8BC9CEB8-8B4A-11D0-8D11-00A0C91BC942}") = "EventQueuePattern", "..\EventQueue\EventQueue.vcxproj", "{72673FC9-D1AF-4F94-B4D6-1D8A5732F65A}"
EndProject
Project("{8BC9CEB8-8B4A-11D0-8D11-00A0C91BC942}") = "ServiceLocatorPattern", "..\ServiceLocatorPattern\ServiceLocatorPattern.vcxproj", "{2F7F50AE-99B5-46EF-9C72-D63B6022B9DF}"
EndProject
Project("{8BC9CEB8-8B4A-11D0-8D11-00A0C91BC942}") = "DataLocalityPattern", "..\DataLocalityPattern\DataLocalityPattern.vcxproj", "{29FC4B06-ADFB-4FBC-A858-8D0F65004E97}"
EndProject
Project("{8BC9CEB8-8B4A-11D0-8D11-00A0C91BC942}") = "DirtyFlagPattern", "..\DirtyFlagPattern\DirtyFlagPattern.vcxproj", "{22CB8116-0DEF-47A9-8CED-5DCD3DF85257}"
EndProject
Project("{8BC9CEB8-8B4A-11D0-8D11-00A0C91BC942}") = "ObjectPoolPattern", "..\ObjectPoolPattern\ObjectPoolPattern.vcxproj", "{D196C943-29DE-4FB6-879B-D17C23512EBD}"
EndProject
Global
	GlobalSection(SolutionConfigurationPlatforms) = preSolution
		Debug|Any CPU = Debug|Any CPU
		Debug|x64 = Debug|x64
		Debug|x86 = Debug|x86
		Release|Any CPU = Release|Any CPU
		Release|x64 = Release|x64
		Release|x86 = Release|x86
	EndGlobalSection
	GlobalSection(ProjectConfigurationPlatforms) = postSolution
		{1DF3A8CC-0C6B-4392-B29D-1D029A00E3B6}.Debug|Any CPU.ActiveCfg = Debug|Win32
		{1DF3A8CC-0C6B-4392-B29D-1D029A00E3B6}.Debug|x64.ActiveCfg = Debug|x64
		{1DF3A8CC-0C6B-4392-B29D-1D029A00E3B6}.Debug|x64.Build.0 = Debug|x64
		{1DF3A8CC-0C6B-4392-B29D-1D029A00E3B6}.Debug|x86.ActiveCfg = Debug|Win32
		{1DF3A8CC-0C6B-4392-B29D-1D029A00E3B6}.Debug|x86.Build.0 = Debug|Win32
		{1DF3A8CC-0C6B-4392-B29D-1D029A00E3B6}.Release|Any CPU.ActiveCfg = Release|Win32
		{1DF3A8CC-0C6B-4392-B29D-1D029A00E3B6}.Release|x64.ActiveCfg = Release|x64
		{1DF3A8CC-0C6B-4392-B29D-1D029A00E3B6}.Release|x64.Build.0 = Release|x64
		{1DF3A8CC-0C6B-4392-B29D-1D029A00E3B6}.Release|x86.ActiveCfg = Release|Win32
		{1DF3A8CC-0C6B-4392-B29D-1D029A00E3B6}.Release|x86.Build.0 = Release|Win32
		{A067D73F-1B44-48C5-ACD9-2CD0D3B3F0BB}.Debug|Any CPU.ActiveCfg = Debug|Win32
		{A067D73F-1B44-48C5-ACD9-2CD0D3B3F0BB}.Debug|x64.ActiveCfg = Debug|x64
		{A067D73F-1B44-48C5-ACD9-2CD0D3B3F0BB}.Debug|x64.Build.0 = Debug|x64
		{A067D73F-1B44-48C5-ACD9-2CD0D3B3F0BB}.Debug|x86.ActiveCfg = Debug|Win32
		{A067D73F-1B44-48C5-ACD9-2CD0D3B3F0BB}.Debug|x86.Build.0 = Debug|Win32
		{A067D73F-1B44-48C5-ACD9-2CD0D3B3F0BB}.Release|Any CPU.ActiveCfg = Release|Win32
		{A067D73F-1B44-48C5-ACD9-2CD0D3B3F0BB}.Release|x64.ActiveCfg = Release|x64
		{A067D73F-1B44-48C5-ACD9-2CD0D3B3F0BB}.Release|x64.Build.0 = Release|x64
		{A067D73F-1B44-48C5-ACD9-2CD0D3B3F0BB}.Release|x86.ActiveCfg = Release|Win32
		{A067D73F-1B44-48C5-ACD9-2CD0D3B3F0BB}.Release|x86.Build.0 = Release|Win32
		{672926B3-CD50-4D1D-94F0-4BE7CCB61D95}.Debug|Any CPU.ActiveCfg = Debug|Win32
		{672926B3-CD50-4D1D-94F0-4BE7CCB61D95}.Debug|x64.ActiveCfg = Debug|x64
		{672926B3-CD50-4D1D-94F0-4BE7CCB61D95}.Debug|x64.Build.0 = Debug|x64
		{672926B3-CD50-4D1D-94F0-4BE7CCB61D95}.Debug|x86.ActiveCfg = Debug|Win32
		{672926B3-CD50-4D1D-94F0-4BE7CCB61D95}.Debug|x86.Build.0 = Debug|Win32
		{672926B3-CD50-4D1D-94F0-4BE7CCB61D95}.Release|Any CPU.ActiveCfg = Release|Win32
		{672926B3-CD50-4D1D-94F0-4BE7CCB61D95}.Release|x64.ActiveCfg = Release|x64
		{672926B3-CD50-4D1D-94F0-4BE7CCB61D95}.Release|x64.Build.0 = Release|x64
		{672926B3-CD50-4D1D-94F0-4BE7CCB61D95}.Release|x86.ActiveCfg = Release|Win32
		{672926B3-CD50-4D1D-94F0-4BE7CCB61D95}.Release|x86.Build.0 = Release|Win32
		{6CCE409C-C356-4CEB-B64F-E8F7BE342887}.Debug|Any CPU.ActiveCfg = Debug|Win32
		{6CCE409C-C356-4CEB-B64F-E8F7BE342887}.Debug|x64.ActiveCfg = Debug|x64
		{6CCE409C-C356-4CEB-B64F-E8F7BE342887}.Debug|x64.Build.0 = Debug|x64
		{6CCE409C-C356-4CEB-B64F-E8F7BE342887}.Debug|x86.ActiveCfg = Debug|Win32
		{6CCE409C-C356-4CEB-B64F-E8F7BE342887}.Debug|x86.Build.0 = Debug|Win32
		{6CCE409C-C356-4CEB-B64F-E8F7BE342887}.Release|Any CPU.ActiveCfg = Release|Win32
		{6CCE409C-C356-4CEB-B64F-E8F7BE342887}.Release|x64.ActiveCfg = Release|x64
		{6CCE409C-C356-4CEB-B64F-E8F7BE342887}.Release|x64.Build.0 = Release|x64
		{6CCE409C-C356-4CEB-B64F-E8F7BE342887}.Release|x86.ActiveCfg = Release|Win32
		{6CCE409C-C356-4CEB-B64F-E8F7BE342887}.Release|x86.Build.0 = Release|Win32
		{BFF17DF5-8B06-491F-A94D-9F21AE7D7740}.Debug|Any CPU.ActiveCfg = Debug|Win32
		{BFF17DF5-8B06-491F-A94D-9F21AE7D7740}.Debug|x64.ActiveCfg = Debug|x64
		{BFF17DF5-8B06-491F-A94D-9F21AE7D7740}.Debug|x64.Build.0 = Debug|x64
		{BFF17DF5-8B06-491F-A94D-9F21AE7D7740}.Debug|x86.ActiveCfg = Debug|Win32
		{BFF17DF5-8B06-491F-A94D-9F21AE7D7740}.Debug|x86.Build.0 = Debug|Win32
		{BFF17DF5-8B06-491F-A94D-9F21AE7D7740}.Release|Any CPU.ActiveCfg = Release|Win32
		{BFF17DF5-8B06-491F-A94D-9F21AE7D7740}.Release|x64.ActiveCfg = Release|x64
		{BFF17DF5-8B06-491F-A94D-9F21AE7D7740}.Release|x64.Build.0 = Release|x64
		{BFF17DF5-8B06-491F-A94D-9F21AE7D7740}.Release|x86.ActiveCfg = Release|Win32
		{BFF17DF5-8B06-491F-A94D-9F21AE7D7740}.Release|x86.Build.0 = Release|Win32
		{3278AF7B-8434-47D4-AED1-7CBC17315D82}.Debug|Any CPU.ActiveCfg = Debug|Win32
		{3278AF7B-8434-47D4-AED1-7CBC17315D82}.Debug|x64.ActiveCfg = Debug|x64
		{3278AF7B-8434-47D4-AED1-7CBC17315D82}.Debug|x64.Build.0 = Debug|x64
		{3278AF7B-8434-47D4-AED1-7CBC17315D82}.Debug|x86.ActiveCfg = Debug|Win32
		{3278AF7B-8434-47D4-AED1-7CBC17315D82}.Debug|x86.Build.0 = Debug|Win32
		{3278AF7B-8434-47D4-AED1-7CBC17315D82}.Release|Any CPU.ActiveCfg = Release|Win32
		{3278AF7B-8434-47D4-AED1-7CBC17315D82}.Release|x64.ActiveCfg = Release|x64
		{3278AF7B-8434-47D4-AED1-7CBC17315D82}.Release|x64.Build.0 = Release|x64
		{3278AF7B-8434-47D4-AED1-7CBC17315D82}.Release|x86.ActiveCfg = Release|Win32
		{3278AF7B-8434-47D4-AED1-7CBC17315D82}.Release|x86.Build.0 = Release|Win32
		{9524BFAC-8036-4614-A933-1D6789AE453D}.Debug|Any CPU.ActiveCfg = Debug|Win32
		{9524BFAC-8036-4614-A933-1D6789AE453D}.Debug|x64.ActiveCfg = Debug|x64
		{9524BFAC-8036-4614-A933-1D6789AE453D}.Debug|x64.Build.0 = Debug|x64
		{9524BFAC-8036-4614-A933-1D6789AE453D}.Debug|x86.ActiveCfg = Debug|Win32
		{9524BFAC-8036-4614-A933-1D6789AE453D}.Debug|x86.Build.0 = Debug|Win32
		{9524BFAC-8036-4614-A933-1D6789AE453D}.Release|Any CPU.ActiveCfg = Release|Win32
		{9524BFAC-8036-4614-A933-1D6789AE453D}.Release|x64.ActiveCfg = Release|x64
		{9524BFAC-8036-4614-A933-1D6789AE453D}.Release|x64.Build.0 = Release|x64
		{9524BFAC-8036-4614-A933-1D6789AE453D}.Release|x86.ActiveCfg = Release|Win32
		{9524BFAC-8036-4614-A933-1D6789AE453D}.Release|x86.Build.0 = Release|Win32
		{46EF6818-BE55-44B2-B0A1-1A189861189F}.Debug|Any CPU.ActiveCfg = Debug|Win32
		{46EF6818-BE55-44B2-B0A1-1A189861189F}.Debug|x64.ActiveCfg = Debug|x64
		{46EF6818-BE55-44B2-B0A1-1A189861189F}.Debug|x64.Build.0 = Debug|x64
		{46EF6818-BE55-44B2-B0A1-1A189861189F}.Debug|x86.ActiveCfg = Debug|Win32
		{46EF6818-BE55-44B2-B0A1-1A189861189F}.Debug|x86.Build.0 = Debug|Win32
		{46EF6818-BE55-44B2-B0A1-1A189861189F}.Release|Any CPU.ActiveCfg = Release|Win32
		{46EF6818-BE55-44B2-B0A1-1A189861189F}.Release|x64.ActiveCfg = Release|x64
		{46EF6818-BE55-44B2-B0A1-1A189861189F}.Release|x64.Build.0 = Release|x64
		{46EF6818-BE55-44B2-B0A1-1A189861189F}.Release|x86.ActiveCfg = Release|Win32
		{46EF6818-BE55-44B2-B0A1-1A189861189F}.Release|x86.Build.0 = Release|Win32
		{17C7926C-1E27-45A4-B104-620AB969A3CD}.Debug|Any CPU.ActiveCfg = Debug|Win32
		{17C7926C-1E27-45A4-B104-620AB969A3CD}.Debug|x64.ActiveCfg = Debug|x64
		{17C7926C-1E27-45A4-B104-620AB969A3CD}.Debug|x64.Build.0 = Debug|x64
		{17C7926C-1E27-45A4-B104-620AB969A3CD}.Debug|x86.ActiveCfg = Debug|Win32
		{17C7926C-1E27-45A4-B104-620AB969A3CD}.Debug|x86.Build.0 = Debug|Win32
		{17C7926C-1E27-45A4-B104-620AB969A3CD}.Release|Any CPU.ActiveCfg = Release|Win32
		{17C7926C-1E27-45A4-B104-620AB969A3CD}.Release|x64.ActiveCfg = Release|x64
		{17C7926C-1E27-45A4-B104-620AB969A3CD}.Release|x64.Build.0 = Release|x64
		{17C7926C-1E27-45A4-B104-620AB969A3CD}.Release|x86.ActiveCfg = Release|Win32
		{17C7926C-1E27-45A4-B104-620AB969A3CD}.Release|x86.Build.0 = Release|Win32
		{A3CDE2D7-59B0-47E0-A29F-73E2F6E77245}.Debug|Any CPU.ActiveCfg = Debug|Win32
		{A3CDE2D7-59B0-47E0-A29F-73E2F6E77245}.Debug|x64.ActiveCfg = Debug|x64
		{A3CDE2D7-59B0-47E0-A29F-73E2F6E77245}.Debug|x64.Build.0 = Debug|x64
		{A3CDE2D7-59B0-47E0-A29F-73E2F6E77245}.Debug|x86.ActiveCfg = Debug|Win32
		{A3CDE2D7-59B0-47E0-A29F-73E2F6E77245}.Debug|x86.Build.0 = Debug|Win32
		{A3CDE2D7-59B0-47E0-A29F-73E2F6E77245}.Release|Any CPU.ActiveCfg = Release|Win32
		{A3CDE2D7-59B0-47E0-A29F-73E2F6E77245}.Release|x64.ActiveCfg = Release|x64
		{A3CDE2D7-59B0-47E0-A29F-73E2F6E77245}.Release|x64.Build.0 = Release|x64
		{A3CDE2D7-59B0-47E0-A29F-73E2F6E77245}.Release|x86.ActiveCfg = Release|Win32
		{A3CDE2D7-59B0-47E0-A29F-73E2F6E77245}.Release|x86.Build.0 = Release|Win32
		{9F1E9A2E-5DB6-4186-82D9-2A5E8DEA6604}.Debug|Any CPU.ActiveCfg = Debug|Win32
		{9F1E9A2E-5DB6-4186-82D9-2A5E8DEA6604}.Debug|x64.ActiveCfg = Debug|x64
		{9F1E9A2E-5DB6-4186-82D9-2A5E8DEA6604}.Debug|x64.Build.0 = Debug|x64
		{9F1E9A2E-5DB6-4186-82D9-2A5E8DEA6604}.Debug|x86.ActiveCfg = Debug|Win32
		{9F1E9A2E-5DB6-4186-82D9-2A5E8DEA6604}.Debug|x86.Build.0 = Debug|Win32
		{9F1E9A2E-5DB6-4186-82D9-2A5E8DEA6604}.Release|Any CPU.ActiveCfg = Release|Win32
		{9F1E9A2E-5DB6-4186-82D9-2A5E8DEA6604}.Release|x64.ActiveCfg = Release|x64
		{9F1E9A2E-5DB6-4186-82D9-2A5E8DEA6604}.Release|x64.Build.0 = Release|x64
		{9F1E9A2E-5DB6-4186-82D9-2A5E8DEA6604}.Release|x86.ActiveCfg = Release|Win32
		{9F1E9A2E-5DB6-4186-82D9-2A5E8DEA6604}.Release|x86.Build.0 = Release|Win32
		{482E10D7-F0C2-48B4-858A-4ABA70201651}.Debug|Any CPU.ActiveCfg = Debug|Win32
		{482E10D7-F0C2-48B4-858A-4ABA70201651}.Debug|x64.ActiveCfg = Debug|x64
		{482E10D7-F0C2-48B4-858A-4ABA70201651}.Debug|x64.Build.0 = Debug|x64
		{482E10D7-F0C2-48B4-858A-4ABA70201651}.Debug|x86.ActiveCfg = Debug|Win32
		{482E10D7-F0C2-48B4-858A-4ABA70201651}.Debug|x86.Build.0 = Debug|Win32
		{482E10D7-F0C2-48B4-858A-4ABA70201651}.Release|Any CPU.ActiveCfg = Release|Win32
		{482E10D7-F0C2-48B4-858A-4ABA70201651}.Release|x64.ActiveCfg = Release|x64
		{482E10D7-F0C2-48B4-858A-4ABA70201651}.Release|x64.Build.0 = Release|x64
		{482E10D7-F0C2-48B4-858A-4ABA70201651}.Release|x86.ActiveCfg = Release|Win32
		{482E10D7-F0C2-48B4-858A-4ABA70201651}.Release|x86.Build.0 = Release|Win32
		{AD7B7EDD-F8AF-4C01-86B5-EF7A3D575DFD}.Debug|Any CPU.ActiveCfg = Debug|Win32
		{AD7B7EDD-F8AF-4C01-86B5-EF7A3D575DFD}.Debug|x64.ActiveCfg = Debug|x64
		{AD7B7EDD-F8AF-4C01-86B5-EF7A3D575DFD}.Debug|x64.Build.0 = Debug|x64
		{AD7B7EDD-F8AF-4C01-86B5-EF7A3D575DFD}.Debug|x86.ActiveCfg = Debug|Win32
		{AD7B7EDD-F8AF-4C01-86B5-EF7A3D575DFD}.Debug|x86.Build.0 = Debug|Win32
		{AD7B7EDD-F8AF-4C01-86B5-EF7A3D575DFD}.Release|Any CPU.ActiveCfg = Release|Win32
		{AD7B7EDD-F8AF-4C01-86B5-EF7A3D575DFD}.Release|x64.ActiveCfg = Release|x64
		{AD7B7EDD-F8AF-4C01-86B5-EF7A3D575DFD}.Release|x64.Build.0 = Release|x64
		{AD7B7EDD-F8AF-4C01-86B5-EF7A3D575DFD}.Release|x86.ActiveCfg = Release|Win32
		{AD7B7EDD-F8AF-4C01-86B5-EF7A3D575DFD}.Release|x86.Build.0 = Release|Win32
		{72673FC9-D1AF-4F94-B4D6-1D8A5732F65A}.Debug|Any CPU.ActiveCfg = Debug|Win32
		{72673FC9-D1AF-4F94-B4D6-1D8A5732F65A}.Debug|x64.ActiveCfg = Debug|x64
		{72673FC9-D1AF-4F94-B4D6-1D8A5732F65A}.Debug|x64.Build.0 = Debug|x64
		{72673FC9-D1AF-4F94-B4D6-1D8A5732F65A}.Debug|x86.ActiveCfg = Debug|Win32
		{72673FC9-D1AF-4F94-B4D6-1D8A5732F65A}.Debug|x86.Build.0 = Debug|Win32
		{72673FC9-D1AF-4F94-B4D6-1D8A5732F65A}.Release|Any CPU.ActiveCfg = Release|Win32
		{72673FC9-D1AF-4F94-B4D6-1D8A5732F65A}.Release|x64.ActiveCfg = Release|x64
		{72673FC9-D1AF-4F94-B4D6-1D8A5732F65A}.Release|x64.Build.0 = Release|x64
		{72673FC9-D1AF-4F94-B4D6-1D8A5732F65A}.Release|x86.ActiveCfg = Release|Win32
		{72673FC9-D1AF-4F94-B4D6-1D8A5732F65A}.Release|x86.Build.0 = Release|Win32
		{2F7F50AE-99B5-46EF-9C72-D63B6022B9DF}.Debug|Any CPU.ActiveCfg = Debug|Win32
		{2F7F50AE-99B5-46EF-9C72-D63B6022B9DF}.Debug|x64.ActiveCfg = Debug|x64
		{2F7F50AE-99B5-46EF-9C72-D63B6022B9DF}.Debug|x64.Build.0 = Debug|x64
		{2F7F50AE-99B5-46EF-9C72-D63B6022B9DF}.Debug|x86.ActiveCfg = Debug|Win32
		{2F7F50AE-99B5-46EF-9C72-D63B6022B9DF}.Debug|x86.Build.0 = Debug|Win32
		{2F7F50AE-99B5-46EF-9C72-D63B6022B9DF}.Release|Any CPU.ActiveCfg = Release|Win32
		{2F7F50AE-99B5-46EF-9C72-D63B6022B9DF}.Release|x64.ActiveCfg = Release|x64
		{2F7F50AE-99B5-46EF-9C72-D63B6022B9DF}.Release|x64.Build.0 = Release|x64
		{2F7F50AE-99B5-46EF-9C72-D63B6022B9DF}.Release|x86.ActiveCfg = Release|Win32
		{2F7F50AE-99B5-46EF-9C72-D63B6022B9DF}.Release|x86.Build.0 = Release|Win32
		{29FC4B06-ADFB-4FBC-A858-8D0F65004E97}.Debug|Any CPU.ActiveCfg = Debug|Win32
		{29FC4B06-ADFB-4FBC-A858-8D0F65004E97}.Debug|x64.ActiveCfg = Debug|x64
		{29FC4B06-ADFB-4FBC-A858-8D0F65004E97}.Debug|x64.Build.0 = Debug|x64
		{29FC4B06-ADFB-4FBC-A858-8D0F65004E97}.Debug|x86.ActiveCfg = Debug|Win32
		{29FC4B06-ADFB-4FBC-A858-8D0F65004E97}.Debug|x86.Build.0 = Debug|Win32
		{29FC4B06-ADFB-4FBC-A858-8D0F65004E97}.Release|Any CPU.ActiveCfg = Release|Win32
		{29FC4B06-ADFB-4FBC-A858-8D0F65004E97}.Release|x64.ActiveCfg = Release|x64
		{29FC4B06-ADFB-4FBC-A858-8D0F65004E97}.Release|x64.Build.0 = Release|x64
		{29FC4B06-ADFB-4FBC-A858-8D0F65004E97}.Release|x86.ActiveCfg = Release|Win32
		{29FC4B06-ADFB-4FBC-A858-8D0F65004E97}.Release|x86.Build.0 = Release|Win32
		{22CB8116-0DEF-47A9-8CED-5DCD3DF85257}.Debug|Any CPU.ActiveCfg = Debug|Win32
		{22CB8116-0DEF-47A9-8CED-5DCD3DF85257}.Debug|x64.ActiveCfg = Debug|x64
		{22CB8116-0DEF-47A9-8CED-5DCD3DF85257}.Debug|x64.Build.0 = Debug|x64
		{22CB8116-0DEF-47A9-8CED-5DCD3DF85257}.Debug|x86.ActiveCfg = Debug|Win32
		{22CB8116-0DEF-47A9-8CED-5DCD3DF85257}.Debug|x86.Build.0 = Debug|Win32
		{22CB8116-0DEF-47A9-8CED-5DCD3DF85257}.Release|Any CPU.ActiveCfg = Release|Win32
		{22CB8116-0DEF-47A9-8CED-5DCD3DF85257}.Release|x64.ActiveCfg = Release|x64
		{22CB8116-0DEF-47A9-8CED-5DCD3DF85257}.Release|x64.Build.0 = Release|x64
		{22CB8116-0DEF-47A9-8CED-5DCD3DF85257}.Release|x86.ActiveCfg = Release|Win32
		{22CB8116-0DEF-47A9-8CED-5DCD3DF85257}.Release|x86.Build.0 = Release|Win32
		{D196C943-29DE-4FB6-879B-D17C23512EBD}.Debug|Any CPU.ActiveCfg = Debug|Win32
		{D196C943-29DE-4FB6-879B-D17C23512EBD}.Debug|x64.ActiveCfg = Debug|x64
		{D196C943-29DE-4FB6-879B-D17C23512EBD}.Debug|x64.Build.0 = Debug|x64
		{D196C943-29DE-4FB6-879B-D17C23512EBD}.Debug|x86.ActiveCfg = Debug|Win32
		{D196C943-29DE-4FB6-879B-D17C23512EBD}.Debug|x86.Build.0 = Debug|Win32
		{D196C943-29DE-4FB6-879B-D17C23512EBD}.Release|Any CPU.ActiveCfg = Release|Win32
		{D196C943-29DE-4FB6-879B-D17C23512EBD}.Release|x64.ActiveCfg = Release|x64
		{D196C943-29DE-4FB6-879B-D17C23512EBD}.Release|x64.Build.0 = Release|x64
		{D196C943-29DE-4FB6-879B-D17C23512EBD}.Release|x86.ActiveCfg = Release|Win32
		{D196C943-29DE-4FB6-879B-D17C23512EBD}.Release|x86.Build.0 = Release|Win32
	EndGlobalSection
	GlobalSection(SolutionProperties) = preSolution
		HideSolutionNode = FALSE
	EndGlobalSection
	GlobalSection(ExtensibilityGlobals) = postSolution
		SolutionGuid = {7B0F99E6-F935-4ADB-95D6-659D75D2FC0E}
	EndGlobalSection
EndGlobal
